# THIS IS AN AUTOGENERATED FILE. DO NOT EDIT THIS FILE DIRECTLY.
# yarn lockfile v1


activestorage@^5.2.2:
  version "5.2.2"
  resolved "https://registry.yarnpkg.com/activestorage/-/activestorage-5.2.2.tgz#035c03f247467c13cd659584833502433099f8f4"
  integrity sha512-mFNTTU21Xf67RhYuBB90uPXKlafPtwy8cxXsKny9roKvkluZkLz6ih3s6VkjK+4cL8+aIGVV39RVIzmy1cfxqw==
  dependencies:
    spark-md5 "^3.0.0"

bootstrap@^4.3.1:
  version "4.3.1"
  resolved "https://registry.yarnpkg.com/bootstrap/-/bootstrap-4.3.1.tgz#280ca8f610504d99d7b6b4bfc4b68cec601704ac"
  integrity sha512-rXqOmH1VilAt2DyPzluTi2blhk17bO7ef+zLLPlWvG494pDxcM234pJ8wTc/6R40UWizAIIMgxjvxZg5kmsbag==

jquery@^3.3.1:
  version "3.3.1"
  resolved "https://registry.yarnpkg.com/jquery/-/jquery-3.3.1.tgz#958ce29e81c9790f31be7792df5d4d95fc57fbca"
  integrity sha512-Ubldcmxp5np52/ENotGxlLe6aGMvmF4R8S6tZjsP6Knsaxd/xp3Zrh50cG93lR6nPXyUFwzN3ZSOQI0wRJNdGg==

rails-ujs@^5.2.2:
  version "5.2.2"
  resolved "https://registry.yarnpkg.com/rails-ujs/-/rails-ujs-5.2.2.tgz#ab01dd087a323975637b50e93e7afcc0f9068568"
  integrity sha512-tJl7MdysGrQEKmwF7BJkz5XwUOkdnI9E7SvSbT39yO7pdFc96D4hWKm6Sb15pU4n5mt4rLPb/6kkyTQujP1k7Q==

spark-md5@^3.0.0:
  version "3.0.0"
  resolved "https://registry.yarnpkg.com/spark-md5/-/spark-md5-3.0.0.tgz#3722227c54e2faf24b1dc6d933cc144e6f71bfef"
  integrity sha1-NyIifFTi+vJLHcbZM8wUTm9xv+8=

turbolinks@^5.2.0:
  version "5.2.0"
  resolved "https://registry.yarnpkg.com/turbolinks/-/turbolinks-5.2.0.tgz#e6877a55ea5c1cb3bb225f0a4ae303d6d32ff77c"
  integrity sha512-pMiez3tyBo6uRHFNNZoYMmrES/IaGgMhQQM+VFF36keryjb5ms0XkVpmKHkfW/4Vy96qiGW3K9bz0tF5sK9bBw==
